# THIS IS AN AUTOGENERATED FILE. DO NOT EDIT THIS FILE DIRECTLY.
# yarn lockfile v1


"@tauri-apps/api@^1.2.0":
  version "1.2.0"
  resolved "https://registry.yarnpkg.com/@tauri-apps/api/-/api-1.2.0.tgz#1f196b3e012971227f41b98214c846430a4eb477"
  integrity sha512-lsI54KI6HGf7VImuf/T9pnoejfgkNoXveP14pVV7XarrQ46rOejIVJLFqHI9sRReJMGdh2YuCoI3cc/yCWCsrw==
